# THIS IS AN AUTOGENERATED FILE. DO NOT EDIT THIS FILE DIRECTLY.
# yarn lockfile v1


jquery-mobile@^1.4.1:
  version "1.4.1"
  resolved "https://registry.yarnpkg.com/jquery-mobile/-/jquery-mobile-1.4.1.tgz#4c5eaf3d20f99973d1481ed4c9c8921d016fe198"
  dependencies:
    jquery ">=1.8.3"

jquery@>=1.8.3, jquery@^1.8.3:
  version "1.12.4"
  resolved "https://registry.yarnpkg.com/jquery/-/jquery-1.12.4.tgz#01e1dfba290fe73deba77ceeacb0f9ba2fec9e0c"

jquery@^3.2.1:
  version "3.2.1"
  resolved "https://registry.yarnpkg.com/jquery/-/jquery-3.2.1.tgz#5c4d9de652af6cd0a770154a631bba12b015c787"

"jquerymobile-swipeupdown@https://github.com/zionsg/jquerymobile-swipeupdown":
  version "0.1.0"
  resolved "https://github.com/zionsg/jquerymobile-swipeupdown#e2bc0ac67b8ca04eb717b60ecd2add074a601c3a"
  dependencies:
    jquery "^3.2.1"
    jquery-mobile "^1.4.1"
